{
  "protocol_version": "0.1",
  "root_profile": "urn:uzaira0:semantic-federation:chronicle-preprocessing",
  "root_version": "0.1.0",
  "root_manifest_digest": "sha256:80397f23291f79d791215138f965779312b2c22ebcdaf65186b8d724b3f8380b",
  "entries": [
    {
      "profile_id": "urn:uzaira0:semantic-federation:chronicle-preprocessing",
      "version": "0.1.0",
      "manifest_digest": "sha256:80397f23291f79d791215138f965779312b2c22ebcdaf65186b8d724b3f8380b",
      "resources": [
        {
          "path": "resources/identity-contract.json",
          "digest": "sha256:bf359f5437ff66501b0bf6aa704531068799ab58a9195c1f76c9e4f6ad5b0b74",
          "media_type": "application/json",
          "role": "binding-source"
        },
        {
          "path": "capability-bindings.json",
          "digest": "sha256:63a65f121dd5553f62130e5bd89f02b0f254fdabc79a0a86c60598c9f828e4c8",
          "media_type": "application/json",
          "role": "binding-source"
        },
        {
          "path": "families/incremental-dataflow/contract.json",
          "digest": "sha256:fd253ca6afd1dfb731439b1028e5cb4ffbfb514b904587ec421ea7404f5e9adb",
          "media_type": "application/json",
          "role": "binding-source"
        },
        {
          "path": "resources/chronicle.plan.json",
          "digest": "sha256:e6acec3530cef7f3e67443077affb86632db8485d771c3fa9a754dc810ff8e20",
          "media_type": "application/json",
          "role": "binding-source"
        },
        {
          "path": "resources/runtime-authority.json",
          "digest": "sha256:7598af2d710ac32563dd8e0bff49a9447e7f450c618c4689004025fbb6826ed4",
          "media_type": "application/json",
          "role": "binding-source"
        },
        {
          "path": "resources/chronicle-research-ontology.linkml.yaml",
          "digest": "sha256:7aa38387d6306edd43630eb81c5f847961ecf2454efbb9f3d2cb358219dc54db",
          "media_type": "application/yaml",
          "role": "ontology"
        },
        {
          "path": "resources/chronicle-research-ontology.merged.shacl.ttl",
          "digest": "sha256:ef9d439724e060549e9b8b598fae1bcd76b72364a1de769a1889d3605bf47a6a",
          "media_type": "text/turtle",
          "role": "shape"
        },
        {
          "path": "resources/registered-queries.json",
          "digest": "sha256:6e694468cf9c4c7ae9f1bd1a2a3c0b2105d4a2e2bf43ac591901d914e0f12812",
          "media_type": "application/json",
          "role": "query"
        },
        {
          "path": "resources/chronicle-views.schema.json",
          "digest": "sha256:76fbe955934a3c05460bff327209698c8d7fa06901d536a42855a17cafd97b48",
          "media_type": "application/schema+json",
          "role": "binding-source"
        },
        {
          "path": "resources/existing-ontology-sources.json",
          "digest": "sha256:958105819a799b162247380130e256dbba82795236dee7f322e620a323c034ff",
          "media_type": "application/json",
          "role": "mapping"
        }
      ]
    }
  ],
  "closure_digest": "sha256:13f28e841a4f4925d2be2428cb9dfb4f2de91bf895abe75230bab55665df7486"
}
