{
  "protocol_version": "0.1",
  "root_profile": "urn:uzaira0:semantic-federation:chronicle-preprocessing",
  "root_version": "0.1.0",
  "root_manifest_digest": "sha256:5021ee533c879e130c2abe108f2cd9d065de26eb586c00eae6166054c45a6da1",
  "entries": [
    {
      "profile_id": "urn:uzaira0:semantic-federation:chronicle-preprocessing",
      "version": "0.1.0",
      "manifest_digest": "sha256:5021ee533c879e130c2abe108f2cd9d065de26eb586c00eae6166054c45a6da1",
      "resources": [
        {
          "path": "resources/identity-contract.json",
          "digest": "sha256:bf359f5437ff66501b0bf6aa704531068799ab58a9195c1f76c9e4f6ad5b0b74",
          "media_type": "application/json",
          "role": "binding-source"
        },
        {
          "path": "capability-bindings.json",
          "digest": "sha256:cca6e4d44cf0b3be35c018a96cb09375327a44e3d5df28b015e27a5d9107b049",
          "media_type": "application/json",
          "role": "binding-source"
        },
        {
          "path": "families/incremental-dataflow/contract.json",
          "digest": "sha256:fd253ca6afd1dfb731439b1028e5cb4ffbfb514b904587ec421ea7404f5e9adb",
          "media_type": "application/json",
          "role": "binding-source"
        },
        {
          "path": "resources/chronicle.plan.json",
          "digest": "sha256:f32b34442d2aad2bb027d53039f112f49bd375b7210a616fbda99aa5d11858d3",
          "media_type": "application/json",
          "role": "binding-source"
        },
        {
          "path": "resources/runtime-authority.json",
          "digest": "sha256:643041e4330b4aca4b2cdf9a8e0dc285fdfb50b24338be312bdbff98c3d3ddbd",
          "media_type": "application/json",
          "role": "binding-source"
        },
        {
          "path": "resources/chronicle-research-ontology.linkml.yaml",
          "digest": "sha256:8f31e65b9c6e0a1c63df67415b22a7d2abaa613314024719d3e7244128026c71",
          "media_type": "application/yaml",
          "role": "ontology"
        },
        {
          "path": "resources/chronicle-research-ontology.merged.shacl.ttl",
          "digest": "sha256:c74095bcca0c9cab205b0ff4a32df92cc16e2fb261f1b54c8d6bdc74484d6f38",
          "media_type": "text/turtle",
          "role": "shape"
        },
        {
          "path": "resources/registered-queries.json",
          "digest": "sha256:e2e59edc0bc62ad710ff2b56d5189d079ebb2914088f6b0c0976bdee6fa022ec",
          "media_type": "application/json",
          "role": "query"
        },
        {
          "path": "resources/chronicle-views.schema.json",
          "digest": "sha256:dc90e501ebba55b4d206d8805f229ce87e38efc47534afb226e1cd8b4acdf03b",
          "media_type": "application/schema+json",
          "role": "binding-source"
        },
        {
          "path": "resources/existing-ontology-sources.json",
          "digest": "sha256:958105819a799b162247380130e256dbba82795236dee7f322e620a323c034ff",
          "media_type": "application/json",
          "role": "mapping"
        }
      ]
    }
  ],
  "closure_digest": "sha256:15c835bdd6cd30b6090e2b4ae1550646223987eeeedb2c367db149a9855a6283"
}
