{
  "protocol_version": "0.1",
  "root_profile": "urn:uzaira0:semantic-federation:chronicle-preprocessing",
  "root_version": "0.1.0",
  "root_manifest_digest": "sha256:ad3a1e58f4a69a2f81c412391f5736bf1c2f73216a5cd9742bc319bb07b01435",
  "entries": [
    {
      "profile_id": "urn:uzaira0:semantic-federation:chronicle-preprocessing",
      "version": "0.1.0",
      "manifest_digest": "sha256:ad3a1e58f4a69a2f81c412391f5736bf1c2f73216a5cd9742bc319bb07b01435",
      "resources": [
        {
          "path": "resources/identity-contract.json",
          "digest": "sha256:bf359f5437ff66501b0bf6aa704531068799ab58a9195c1f76c9e4f6ad5b0b74",
          "media_type": "application/json",
          "role": "binding-source"
        },
        {
          "path": "capability-bindings.json",
          "digest": "sha256:7ce7fbedcf9aeb00a5e6f6387f87b393dd30b5d37f33cad5d408973ac48d8b44",
          "media_type": "application/json",
          "role": "binding-source"
        },
        {
          "path": "families/incremental-dataflow/contract.json",
          "digest": "sha256:fd253ca6afd1dfb731439b1028e5cb4ffbfb514b904587ec421ea7404f5e9adb",
          "media_type": "application/json",
          "role": "binding-source"
        },
        {
          "path": "resources/chronicle.plan.json",
          "digest": "sha256:3b1db580ca483d5f7f198a82fcc8166e9ad180eaea587db1ae950a5fa06649a6",
          "media_type": "application/json",
          "role": "binding-source"
        },
        {
          "path": "resources/runtime-authority.json",
          "digest": "sha256:11142579a05120fce9a1fe8e0edfffdcae385b34a10080d878e8d82b73cc8627",
          "media_type": "application/json",
          "role": "binding-source"
        },
        {
          "path": "resources/chronicle-research-ontology.linkml.yaml",
          "digest": "sha256:f5e5c728f53b936e064db2dc1bd37946b3933d123e11f485899cf402baea848e",
          "media_type": "application/yaml",
          "role": "ontology"
        },
        {
          "path": "resources/chronicle-research-ontology.merged.shacl.ttl",
          "digest": "sha256:ef9d439724e060549e9b8b598fae1bcd76b72364a1de769a1889d3605bf47a6a",
          "media_type": "text/turtle",
          "role": "shape"
        },
        {
          "path": "resources/registered-queries.json",
          "digest": "sha256:6e694468cf9c4c7ae9f1bd1a2a3c0b2105d4a2e2bf43ac591901d914e0f12812",
          "media_type": "application/json",
          "role": "query"
        },
        {
          "path": "resources/chronicle-views.schema.json",
          "digest": "sha256:76fbe955934a3c05460bff327209698c8d7fa06901d536a42855a17cafd97b48",
          "media_type": "application/schema+json",
          "role": "binding-source"
        },
        {
          "path": "resources/existing-ontology-sources.json",
          "digest": "sha256:958105819a799b162247380130e256dbba82795236dee7f322e620a323c034ff",
          "media_type": "application/json",
          "role": "mapping"
        }
      ]
    }
  ],
  "closure_digest": "sha256:38fc87efdcb2c242eeaa14fcf291c2d435d22d99660bfc56553b8966a7c71a1e"
}
